// !$*UTF8*$!
{
	archiveVersion = 1;
	classes = {
	};
	objectVersion = 48;
	objects = {

/* Begin PBXBuildFile section */
		3036EA5E20FB8DA900B40B9A /* addReview.json in Resources */ = {isa = PBXBuildFile; fileRef = 30B2FD2420FB7DAE00886DC8 /* addReview.json */; };
		3036EA5F20FB8DA900B40B9A /* addToBasket.json in Resources */ = {isa = PBXBuildFile; fileRef = 30B2FD2220FB7DAD00886DC8 /* addToBasket.json */; };
		3036EA6020FB8DA900B40B9A /* approveReview.json in Resources */ = {isa = PBXBuildFile; fileRef = 30B2FD2020FB7DAD00886DC8 /* approveReview.json */; };
		3036EA6120FB8DA900B40B9A /* catalogData.json in Resources */ = {isa = PBXBuildFile; fileRef = 30B2FD2620FB7DAF00886DC8 /* catalogData.json */; };
		3036EA6220FB8DA900B40B9A /* changeUserData.json in Resources */ = {isa = PBXBuildFile; fileRef = 30B2FD2820FB7DB000886DC8 /* changeUserData.json */; };
		3036EA6320FB8DA900B40B9A /* deleteFromBasket.json in Resources */ = {isa = PBXBuildFile; fileRef = 30B2FD2A20FB7DB100886DC8 /* deleteFromBasket.json */; };
		3036EA6420FB8DA900B40B9A /* getBasket.json in Resources */ = {isa = PBXBuildFile; fileRef = 30B2FD1F20FB7DAC00886DC8 /* getBasket.json */; };
		3036EA6520FB8DA900B40B9A /* getGoodById.json in Resources */ = {isa = PBXBuildFile; fileRef = 30B2FD2120FB7DAD00886DC8 /* getGoodById.json */; };
		3036EA6620FB8DA900B40B9A /* logout.json in Resources */ = {isa = PBXBuildFile; fileRef = 30B2FD2920FB7DB000886DC8 /* logout.json */; };
		3036EA6720FB8DA900B40B9A /* registerUser.json in Resources */ = {isa = PBXBuildFile; fileRef = 30B2FD2320FB7DAE00886DC8 /* registerUser.json */; };
		3036EA6820FB8DA900B40B9A /* removeReview.json in Resources */ = {isa = PBXBuildFile; fileRef = 30B2FD2520FB7DAF00886DC8 /* removeReview.json */; };
		3036EA6C20FB8E9800B40B9A /* UserDataRequestFactoryTest.swift in Sources */ = {isa = PBXBuildFile; fileRef = 3036EA6B20FB8E9800B40B9A /* UserDataRequestFactoryTest.swift */; };
		304771F42119AC7B0023B65C /* UIVerticalStepper.swift in Sources */ = {isa = PBXBuildFile; fileRef = 304771F22119AC7A0023B65C /* UIVerticalStepper.swift */; };
		304771F52119AC7B0023B65C /* UIVerticalStepper.xib in Resources */ = {isa = PBXBuildFile; fileRef = 304771F32119AC7B0023B65C /* UIVerticalStepper.xib */; };
		3063835B20FC7F8C00B9E312 /* ProductsRequestFactoryTest.swift in Sources */ = {isa = PBXBuildFile; fileRef = 3063835A20FC7F8C00B9E312 /* ProductsRequestFactoryTest.swift */; };
		30830DAA210C7FC80003B66C /* Cart.swift in Sources */ = {isa = PBXBuildFile; fileRef = 30830DA9210C7FC80003B66C /* Cart.swift */; };
		30830DAC210C7FEA0003B66C /* CartRequestFactory.swift in Sources */ = {isa = PBXBuildFile; fileRef = 30830DAB210C7FEA0003B66C /* CartRequestFactory.swift */; };
		30830DAE210C96BF0003B66C /* CartRequestFactoryTests.swift in Sources */ = {isa = PBXBuildFile; fileRef = 30830DAD210C96BF0003B66C /* CartRequestFactoryTests.swift */; };
		30830DB0210C9AE30003B66C /* LoginViewController.swift in Sources */ = {isa = PBXBuildFile; fileRef = 30830DAF210C9AE30003B66C /* LoginViewController.swift */; };
		30830DB2210C9C450003B66C /* UserViewController.swift in Sources */ = {isa = PBXBuildFile; fileRef = 30830DB1210C9C450003B66C /* UserViewController.swift */; };
		30830DB4210C9CC00003B66C /* Main.storyboard in Resources */ = {isa = PBXBuildFile; fileRef = 30830DB3210C9CC00003B66C /* Main.storyboard */; };
		30830DB7210DF01B0003B66C /* BasicFactory.swift in Sources */ = {isa = PBXBuildFile; fileRef = 30830DB6210DF01B0003B66C /* BasicFactory.swift */; };
		30830DBB210DFC920003B66C /* SignUpViewController.swift in Sources */ = {isa = PBXBuildFile; fileRef = 30830DBA210DFC920003B66C /* SignUpViewController.swift */; };
		30830DBD210F1D380003B66C /* UserTest.swift in Sources */ = {isa = PBXBuildFile; fileRef = 30830DBC210F1D380003B66C /* UserTest.swift */; };
		30830DC0210F53BE0003B66C /* LoadingButton.swift in Sources */ = {isa = PBXBuildFile; fileRef = 30830DBF210F53BE0003B66C /* LoadingButton.swift */; };
		30830DC32114D09D0003B66C /* ProductCell.swift in Sources */ = {isa = PBXBuildFile; fileRef = 30830DC12114D09D0003B66C /* ProductCell.swift */; };
		30830DC42114D09D0003B66C /* ProductCell.xib in Resources */ = {isa = PBXBuildFile; fileRef = 30830DC22114D09D0003B66C /* ProductCell.xib */; };
		30830DC62114D0C50003B66C /* ProductsViewController.swift in Sources */ = {isa = PBXBuildFile; fileRef = 30830DC52114D0C50003B66C /* ProductsViewController.swift */; };
		30830DC82114D0D80003B66C /* ProductViewController.swift in Sources */ = {isa = PBXBuildFile; fileRef = 30830DC72114D0D80003B66C /* ProductViewController.swift */; };
		30830DCE2114D11D0003B66C /* ReviewCell.swift in Sources */ = {isa = PBXBuildFile; fileRef = 30830DCC2114D11D0003B66C /* ReviewCell.swift */; };
		30830DCF2114D11D0003B66C /* ReviewCell.xib in Resources */ = {isa = PBXBuildFile; fileRef = 30830DCD2114D11D0003B66C /* ReviewCell.xib */; };
		30830DD221172CE30003B66C /* CartViewController.swift in Sources */ = {isa = PBXBuildFile; fileRef = 30830DD121172CE30003B66C /* CartViewController.swift */; };
		30830DD421172D060003B66C /* CheckOutViewController.swift in Sources */ = {isa = PBXBuildFile; fileRef = 30830DD321172D060003B66C /* CheckOutViewController.swift */; };
		30830DD721172E1D0003B66C /* CartCell.swift in Sources */ = {isa = PBXBuildFile; fileRef = 30830DD521172E1D0003B66C /* CartCell.swift */; };
		30830DD821172E1D0003B66C /* CartCell.xib in Resources */ = {isa = PBXBuildFile; fileRef = 30830DD621172E1D0003B66C /* CartCell.xib */; };
		30830DDB211733590003B66C /* CartItem.swift in Sources */ = {isa = PBXBuildFile; fileRef = 30830DDA211733590003B66C /* CartItem.swift */; };
		30830DDD211736160003B66C /* AppState.swift in Sources */ = {isa = PBXBuildFile; fileRef = 30830DDC211736160003B66C /* AppState.swift */; };
		30830DDF21173E180003B66C /* Cart.storyboard in Resources */ = {isa = PBXBuildFile; fileRef = 30830DDE21173E180003B66C /* Cart.storyboard */; };
		30AC19292103237B00F95960 /* Review.swift in Sources */ = {isa = PBXBuildFile; fileRef = 30AC19282103237B00F95960 /* Review.swift */; };
		30AC192B2103239400F95960 /* ReviewRequestFactory.swift in Sources */ = {isa = PBXBuildFile; fileRef = 30AC192A2103239400F95960 /* ReviewRequestFactory.swift */; };
		30AC192D2103289A00F95960 /* ReviewRequestFactoryTest.swift in Sources */ = {isa = PBXBuildFile; fileRef = 30AC192C2103289A00F95960 /* ReviewRequestFactoryTest.swift */; };
		30B2FC9E20EF621400886DC8 /* AppDelegate.swift in Sources */ = {isa = PBXBuildFile; fileRef = 30B2FC9D20EF621400886DC8 /* AppDelegate.swift */; };
		30B2FCA520EF621400886DC8 /* Assets.xcassets in Resources */ = {isa = PBXBuildFile; fileRef = 30B2FCA420EF621400886DC8 /* Assets.xcassets */; };
		30B2FCA820EF621400886DC8 /* LaunchScreen.storyboard in Resources */ = {isa = PBXBuildFile; fileRef = 30B2FCA620EF621400886DC8 /* LaunchScreen.storyboard */; };
		30B2FCBE20EF621400886DC8 /* IbolyaevUITests.swift in Sources */ = {isa = PBXBuildFile; fileRef = 30B2FCBD20EF621400886DC8 /* IbolyaevUITests.swift */; };
		30B2FCF520F8995200886DC8 /* User.swift in Sources */ = {isa = PBXBuildFile; fileRef = 30B2FCF320F8995200886DC8 /* User.swift */; };
		30B2FCF620F8995200886DC8 /* NetworkResponse.swift in Sources */ = {isa = PBXBuildFile; fileRef = 30B2FCF420F8995200886DC8 /* NetworkResponse.swift */; };
		30B2FCFC20F8995D00886DC8 /* Auth.swift in Sources */ = {isa = PBXBuildFile; fileRef = 30B2FCF820F8995D00886DC8 /* Auth.swift */; };
		30B2FCFD20F8995D00886DC8 /* AuthRequestFactory.swift in Sources */ = {isa = PBXBuildFile; fileRef = 30B2FCF920F8995D00886DC8 /* AuthRequestFactory.swift */; };
		30B2FCFE20F8995D00886DC8 /* UserData.swift in Sources */ = {isa = PBXBuildFile; fileRef = 30B2FCFA20F8995D00886DC8 /* UserData.swift */; };
		30B2FCFF20F8995D00886DC8 /* UserDataRequestFactory.swift in Sources */ = {isa = PBXBuildFile; fileRef = 30B2FCFB20F8995D00886DC8 /* UserDataRequestFactory.swift */; };
		30B2FD0620F8997500886DC8 /* AbstractErrorParser.swift in Sources */ = {isa = PBXBuildFile; fileRef = 30B2FD0020F8997500886DC8 /* AbstractErrorParser.swift */; };
		30B2FD0720F8997500886DC8 /* AbstractRequestFactory.swift in Sources */ = {isa = PBXBuildFile; fileRef = 30B2FD0220F8997500886DC8 /* AbstractRequestFactory.swift */; };
		30B2FD0820F8997500886DC8 /* ErrorParser.swift in Sources */ = {isa = PBXBuildFile; fileRef = 30B2FD0320F8997500886DC8 /* ErrorParser.swift */; };
		30B2FD0920F8997500886DC8 /* RequestRouter.swift in Sources */ = {isa = PBXBuildFile; fileRef = 30B2FD0420F8997500886DC8 /* RequestRouter.swift */; };
		30B2FD0A20F8997500886DC8 /* ResponseCodable.swift in Sources */ = {isa = PBXBuildFile; fileRef = 30B2FD0520F8997500886DC8 /* ResponseCodable.swift */; };
		30B2FD0C20F89E8800886DC8 /* Products.swift in Sources */ = {isa = PBXBuildFile; fileRef = 30B2FD0B20F89E8800886DC8 /* Products.swift */; };
		30B2FD0E20F89EE400886DC8 /* ProductsRequestFactory.swift in Sources */ = {isa = PBXBuildFile; fileRef = 30B2FD0D20F89EE400886DC8 /* ProductsRequestFactory.swift */; };
		30B2FD1020F8A13400886DC8 /* Product.swift in Sources */ = {isa = PBXBuildFile; fileRef = 30B2FD0F20F8A13400886DC8 /* Product.swift */; };
		30B2FD1220F8A68D00886DC8 /* Configuration.swift in Sources */ = {isa = PBXBuildFile; fileRef = 30B2FD1120F8A68D00886DC8 /* Configuration.swift */; };
		30B2FD1420F9E80100886DC8 /* AuthRequestFactoryTest.swift in Sources */ = {isa = PBXBuildFile; fileRef = 30B2FD1320F9E80100886DC8 /* AuthRequestFactoryTest.swift */; };
		30B2FD1520FA1A5500886DC8 /* RequestFactoryMock.swift in Sources */ = {isa = PBXBuildFile; fileRef = 30B2FCF120F8994200886DC8 /* RequestFactoryMock.swift */; };
		30B2FD1720FA1B0700886DC8 /* ErrorParserStub.swift in Sources */ = {isa = PBXBuildFile; fileRef = 30B2FD1620FA1B0700886DC8 /* ErrorParserStub.swift */; };
		30B2FD1920FA256F00886DC8 /* RequestFactory.swift in Sources */ = {isa = PBXBuildFile; fileRef = 30B2FD1820FA256F00886DC8 /* RequestFactory.swift */; };
		30B2FD1B20FB7BE000886DC8 /* OHHTTPStubsResponse+JSON.swift in Sources */ = {isa = PBXBuildFile; fileRef = 30B2FD1A20FB7BE000886DC8 /* OHHTTPStubsResponse+JSON.swift */; };
		30B2FD2B20FB7DB100886DC8 /* getBasket.json in Resources */ = {isa = PBXBuildFile; fileRef = 30B2FD1F20FB7DAC00886DC8 /* getBasket.json */; };
		30B2FD2C20FB7DB200886DC8 /* approveReview.json in Resources */ = {isa = PBXBuildFile; fileRef = 30B2FD2020FB7DAD00886DC8 /* approveReview.json */; };
		30B2FD2D20FB7DB200886DC8 /* getGoodById.json in Resources */ = {isa = PBXBuildFile; fileRef = 30B2FD2120FB7DAD00886DC8 /* getGoodById.json */; };
		30B2FD2E20FB7DB200886DC8 /* addToBasket.json in Resources */ = {isa = PBXBuildFile; fileRef = 30B2FD2220FB7DAD00886DC8 /* addToBasket.json */; };
		30B2FD2F20FB7DB200886DC8 /* registerUser.json in Resources */ = {isa = PBXBuildFile; fileRef = 30B2FD2320FB7DAE00886DC8 /* registerUser.json */; };
		30B2FD3020FB7DB200886DC8 /* addReview.json in Resources */ = {isa = PBXBuildFile; fileRef = 30B2FD2420FB7DAE00886DC8 /* addReview.json */; };
		30B2FD3120FB7DB200886DC8 /* removeReview.json in Resources */ = {isa = PBXBuildFile; fileRef = 30B2FD2520FB7DAF00886DC8 /* removeReview.json */; };
		30B2FD3220FB7DB200886DC8 /* catalogData.json in Resources */ = {isa = PBXBuildFile; fileRef = 30B2FD2620FB7DAF00886DC8 /* catalogData.json */; };
		30B2FD3420FB7DB200886DC8 /* changeUserData.json in Resources */ = {isa = PBXBuildFile; fileRef = 30B2FD2820FB7DB000886DC8 /* changeUserData.json */; };
		30B2FD3520FB7DB200886DC8 /* logout.json in Resources */ = {isa = PBXBuildFile; fileRef = 30B2FD2920FB7DB000886DC8 /* logout.json */; };
		30B2FD3620FB7DB200886DC8 /* deleteFromBasket.json in Resources */ = {isa = PBXBuildFile; fileRef = 30B2FD2A20FB7DB100886DC8 /* deleteFromBasket.json */; };
		30B2FD3A20FB856C00886DC8 /* login.json in Resources */ = {isa = PBXBuildFile; fileRef = 30B2FD3920FB856C00886DC8 /* login.json */; };
		30B2FD3B20FB85F600886DC8 /* login.json in Resources */ = {isa = PBXBuildFile; fileRef = 30B2FD3920FB856C00886DC8 /* login.json */; };
		30B2FD3D20FB871700886DC8 /* Constants.swift in Sources */ = {isa = PBXBuildFile; fileRef = 30B2FD3C20FB871700886DC8 /* Constants.swift */; };
		33FBC8A4A9B889315BEC73B3 /* Pods_IbolyaevUITests.framework in Frameworks */ = {isa = PBXBuildFile; fileRef = 1D5B2C5C011B5A7E0A5E8DD1 /* Pods_IbolyaevUITests.framework */; };
		AA3195C01AF7F6BBDD03069E /* Pods_IbolyaevTests.framework in Frameworks */ = {isa = PBXBuildFile; fileRef = 014255F7AC60A366F787A8F1 /* Pods_IbolyaevTests.framework */; };
		BAE0C8AEB6BF00296D25E4F4 /* Pods_Ibolyaev.framework in Frameworks */ = {isa = PBXBuildFile; fileRef = 6F39D796C62BF47F93DA1D58 /* Pods_Ibolyaev.framework */; };
		BD4C635B2117660600284203 /* Product.storyboard in Resources */ = {isa = PBXBuildFile; fileRef = BD4C635A2117660600284203 /* Product.storyboard */; };
		BD4C635D21176A5300284203 /* Colors.swift in Sources */ = {isa = PBXBuildFile; fileRef = BD4C635C21176A5300284203 /* Colors.swift */; };
/* End PBXBuildFile section */

/* Begin PBXContainerItemProxy section */
		30B2FCAF20EF621400886DC8 /* PBXContainerItemProxy */ = {
			isa = PBXContainerItemProxy;
			containerPortal = 30B2FC9220EF621400886DC8 /* Project object */;
			proxyType = 1;
			remoteGlobalIDString = 30B2FC9920EF621400886DC8;
			remoteInfo = Ibolyaev;
		};
		30B2FCBA20EF621400886DC8 /* PBXContainerItemProxy */ = {
			isa = PBXContainerItemProxy;
			containerPortal = 30B2FC9220EF621400886DC8 /* Project object */;
			proxyType = 1;
			remoteGlobalIDString = 30B2FC9920EF621400886DC8;
			remoteInfo = Ibolyaev;
		};
/* End PBXContainerItemProxy section */

/* Begin PBXFileReference section */
		014255F7AC60A366F787A8F1 /* Pods_IbolyaevTests.framework */ = {isa = PBXFileReference; explicitFileType = wrapper.framework; includeInIndex = 0; path = Pods_IbolyaevTests.framework; sourceTree = BUILT_PRODUCTS_DIR; };
		03622693BF9E10ABA85C6139 /* Pods-Ibolyaev.release.xcconfig */ = {isa = PBXFileReference; includeInIndex = 1; lastKnownFileType = text.xcconfig; name = "Pods-Ibolyaev.release.xcconfig"; path = "Pods/Target Support Files/Pods-Ibolyaev/Pods-Ibolyaev.release.xcconfig"; sourceTree = "<group>"; };
		1480EC690EDAADAEEA352BD2 /* Pods-IbolyaevTests.debug.xcconfig */ = {isa = PBXFileReference; includeInIndex = 1; lastKnownFileType = text.xcconfig; name = "Pods-IbolyaevTests.debug.xcconfig"; path = "Pods/Target Support Files/Pods-IbolyaevTests/Pods-IbolyaevTests.debug.xcconfig"; sourceTree = "<group>"; };
		1D5B2C5C011B5A7E0A5E8DD1 /* Pods_IbolyaevUITests.framework */ = {isa = PBXFileReference; explicitFileType = wrapper.framework; includeInIndex = 0; path = Pods_IbolyaevUITests.framework; sourceTree = BUILT_PRODUCTS_DIR; };
		2BD4DD210388A0F960C772BC /* Pods-Ibolyaev.debug.xcconfig */ = {isa = PBXFileReference; includeInIndex = 1; lastKnownFileType = text.xcconfig; name = "Pods-Ibolyaev.debug.xcconfig"; path = "Pods/Target Support Files/Pods-Ibolyaev/Pods-Ibolyaev.debug.xcconfig"; sourceTree = "<group>"; };
		3036EA6B20FB8E9800B40B9A /* UserDataRequestFactoryTest.swift */ = {isa = PBXFileReference; lastKnownFileType = sourcecode.swift; path = UserDataRequestFactoryTest.swift; sourceTree = "<group>"; };
		304771F22119AC7A0023B65C /* UIVerticalStepper.swift */ = {isa = PBXFileReference; fileEncoding = 4; lastKnownFileType = sourcecode.swift; path = UIVerticalStepper.swift; sourceTree = "<group>"; };
		304771F32119AC7B0023B65C /* UIVerticalStepper.xib */ = {isa = PBXFileReference; fileEncoding = 4; lastKnownFileType = file.xib; path = UIVerticalStepper.xib; sourceTree = "<group>"; };
		3063835A20FC7F8C00B9E312 /* ProductsRequestFactoryTest.swift */ = {isa = PBXFileReference; lastKnownFileType = sourcecode.swift; path = ProductsRequestFactoryTest.swift; sourceTree = "<group>"; };
		30830DA9210C7FC80003B66C /* Cart.swift */ = {isa = PBXFileReference; lastKnownFileType = sourcecode.swift; path = Cart.swift; sourceTree = "<group>"; };
		30830DAB210C7FEA0003B66C /* CartRequestFactory.swift */ = {isa = PBXFileReference; lastKnownFileType = sourcecode.swift; path = CartRequestFactory.swift; sourceTree = "<group>"; };
		30830DAD210C96BF0003B66C /* CartRequestFactoryTests.swift */ = {isa = PBXFileReference; lastKnownFileType = sourcecode.swift; path = CartRequestFactoryTests.swift; sourceTree = "<group>"; };
		30830DAF210C9AE30003B66C /* LoginViewController.swift */ = {isa = PBXFileReference; lastKnownFileType = sourcecode.swift; path = LoginViewController.swift; sourceTree = "<group>"; };
		30830DB1210C9C450003B66C /* UserViewController.swift */ = {isa = PBXFileReference; lastKnownFileType = sourcecode.swift; path = UserViewController.swift; sourceTree = "<group>"; };
		30830DB3210C9CC00003B66C /* Main.storyboard */ = {isa = PBXFileReference; lastKnownFileType = file.storyboard; path = Main.storyboard; sourceTree = "<group>"; };
		30830DB6210DF01B0003B66C /* BasicFactory.swift */ = {isa = PBXFileReference; lastKnownFileType = sourcecode.swift; path = BasicFactory.swift; sourceTree = "<group>"; };
		30830DBA210DFC920003B66C /* SignUpViewController.swift */ = {isa = PBXFileReference; lastKnownFileType = sourcecode.swift; path = SignUpViewController.swift; sourceTree = "<group>"; };
		30830DBC210F1D380003B66C /* UserTest.swift */ = {isa = PBXFileReference; lastKnownFileType = sourcecode.swift; path = UserTest.swift; sourceTree = "<group>"; };
		30830DBF210F53BE0003B66C /* LoadingButton.swift */ = {isa = PBXFileReference; lastKnownFileType = sourcecode.swift; path = LoadingButton.swift; sourceTree = "<group>"; };
		30830DC12114D09D0003B66C /* ProductCell.swift */ = {isa = PBXFileReference; lastKnownFileType = sourcecode.swift; path = ProductCell.swift; sourceTree = "<group>"; };
		30830DC22114D09D0003B66C /* ProductCell.xib */ = {isa = PBXFileReference; lastKnownFileType = file.xib; path = ProductCell.xib; sourceTree = "<group>"; };
		30830DC52114D0C50003B66C /* ProductsViewController.swift */ = {isa = PBXFileReference; lastKnownFileType = sourcecode.swift; path = ProductsViewController.swift; sourceTree = "<group>"; };
		30830DC72114D0D80003B66C /* ProductViewController.swift */ = {isa = PBXFileReference; lastKnownFileType = sourcecode.swift; path = ProductViewController.swift; sourceTree = "<group>"; };
		30830DCC2114D11D0003B66C /* ReviewCell.swift */ = {isa = PBXFileReference; lastKnownFileType = sourcecode.swift; path = ReviewCell.swift; sourceTree = "<group>"; };
		30830DCD2114D11D0003B66C /* ReviewCell.xib */ = {isa = PBXFileReference; lastKnownFileType = file.xib; path = ReviewCell.xib; sourceTree = "<group>"; };
		30830DD121172CE30003B66C /* CartViewController.swift */ = {isa = PBXFileReference; lastKnownFileType = sourcecode.swift; path = CartViewController.swift; sourceTree = "<group>"; };
		30830DD321172D060003B66C /* CheckOutViewController.swift */ = {isa = PBXFileReference; lastKnownFileType = sourcecode.swift; path = CheckOutViewController.swift; sourceTree = "<group>"; };
		30830DD521172E1D0003B66C /* CartCell.swift */ = {isa = PBXFileReference; lastKnownFileType = sourcecode.swift; path = CartCell.swift; sourceTree = "<group>"; };
		30830DD621172E1D0003B66C /* CartCell.xib */ = {isa = PBXFileReference; lastKnownFileType = file.xib; path = CartCell.xib; sourceTree = "<group>"; };
		30830DDA211733590003B66C /* CartItem.swift */ = {isa = PBXFileReference; lastKnownFileType = sourcecode.swift; path = CartItem.swift; sourceTree = "<group>"; };
		30830DDC211736160003B66C /* AppState.swift */ = {isa = PBXFileReference; lastKnownFileType = sourcecode.swift; path = AppState.swift; sourceTree = "<group>"; };
		30830DDE21173E180003B66C /* Cart.storyboard */ = {isa = PBXFileReference; lastKnownFileType = file.storyboard; path = Cart.storyboard; sourceTree = "<group>"; };
		30AC19282103237B00F95960 /* Review.swift */ = {isa = PBXFileReference; lastKnownFileType = sourcecode.swift; path = Review.swift; sourceTree = "<group>"; };
		30AC192A2103239400F95960 /* ReviewRequestFactory.swift */ = {isa = PBXFileReference; lastKnownFileType = sourcecode.swift; path = ReviewRequestFactory.swift; sourceTree = "<group>"; };
		30AC192C2103289A00F95960 /* ReviewRequestFactoryTest.swift */ = {isa = PBXFileReference; lastKnownFileType = sourcecode.swift; path = ReviewRequestFactoryTest.swift; sourceTree = "<group>"; };
		30B2FC9A20EF621400886DC8 /* Ibolyaev.app */ = {isa = PBXFileReference; explicitFileType = wrapper.application; includeInIndex = 0; path = Ibolyaev.app; sourceTree = BUILT_PRODUCTS_DIR; };
		30B2FC9D20EF621400886DC8 /* AppDelegate.swift */ = {isa = PBXFileReference; lastKnownFileType = sourcecode.swift; path = AppDelegate.swift; sourceTree = "<group>"; };
		30B2FCA420EF621400886DC8 /* Assets.xcassets */ = {isa = PBXFileReference; lastKnownFileType = folder.assetcatalog; path = Assets.xcassets; sourceTree = "<group>"; };
		30B2FCA720EF621400886DC8 /* Base */ = {isa = PBXFileReference; lastKnownFileType = file.storyboard; name = Base; path = Base.lproj/LaunchScreen.storyboard; sourceTree = "<group>"; };
		30B2FCA920EF621400886DC8 /* Info.plist */ = {isa = PBXFileReference; lastKnownFileType = text.plist.xml; path = Info.plist; sourceTree = "<group>"; };
		30B2FCAE20EF621400886DC8 /* IbolyaevTests.xctest */ = {isa = PBXFileReference; explicitFileType = wrapper.cfbundle; includeInIndex = 0; path = IbolyaevTests.xctest; sourceTree = BUILT_PRODUCTS_DIR; };
		30B2FCB420EF621400886DC8 /* Info.plist */ = {isa = PBXFileReference; lastKnownFileType = text.plist.xml; path = Info.plist; sourceTree = "<group>"; };
		30B2FCB920EF621400886DC8 /* IbolyaevUITests.xctest */ = {isa = PBXFileReference; explicitFileType = wrapper.cfbundle; includeInIndex = 0; path = IbolyaevUITests.xctest; sourceTree = BUILT_PRODUCTS_DIR; };
		30B2FCBD20EF621400886DC8 /* IbolyaevUITests.swift */ = {isa = PBXFileReference; lastKnownFileType = sourcecode.swift; path = IbolyaevUITests.swift; sourceTree = "<group>"; };
		30B2FCBF20EF621400886DC8 /* Info.plist */ = {isa = PBXFileReference; lastKnownFileType = text.plist.xml; path = Info.plist; sourceTree = "<group>"; };
		30B2FCF120F8994200886DC8 /* RequestFactoryMock.swift */ = {isa = PBXFileReference; fileEncoding = 4; lastKnownFileType = sourcecode.swift; path = RequestFactoryMock.swift; sourceTree = "<group>"; };
		30B2FCF320F8995200886DC8 /* User.swift */ = {isa = PBXFileReference; fileEncoding = 4; lastKnownFileType = sourcecode.swift; path = User.swift; sourceTree = "<group>"; };
		30B2FCF420F8995200886DC8 /* NetworkResponse.swift */ = {isa = PBXFileReference; fileEncoding = 4; lastKnownFileType = sourcecode.swift; path = NetworkResponse.swift; sourceTree = "<group>"; };
		30B2FCF820F8995D00886DC8 /* Auth.swift */ = {isa = PBXFileReference; fileEncoding = 4; lastKnownFileType = sourcecode.swift; path = Auth.swift; sourceTree = "<group>"; };
		30B2FCF920F8995D00886DC8 /* AuthRequestFactory.swift */ = {isa = PBXFileReference; fileEncoding = 4; lastKnownFileType = sourcecode.swift; path = AuthRequestFactory.swift; sourceTree = "<group>"; };
		30B2FCFA20F8995D00886DC8 /* UserData.swift */ = {isa = PBXFileReference; fileEncoding = 4; lastKnownFileType = sourcecode.swift; path = UserData.swift; sourceTree = "<group>"; };
		30B2FCFB20F8995D00886DC8 /* UserDataRequestFactory.swift */ = {isa = PBXFileReference; fileEncoding = 4; lastKnownFileType = sourcecode.swift; path = UserDataRequestFactory.swift; sourceTree = "<group>"; };
		30B2FD0020F8997500886DC8 /* AbstractErrorParser.swift */ = {isa = PBXFileReference; fileEncoding = 4; lastKnownFileType = sourcecode.swift; path = AbstractErrorParser.swift; sourceTree = "<group>"; };
		30B2FD0220F8997500886DC8 /* AbstractRequestFactory.swift */ = {isa = PBXFileReference; fileEncoding = 4; lastKnownFileType = sourcecode.swift; path = AbstractRequestFactory.swift; sourceTree = "<group>"; };
		30B2FD0320F8997500886DC8 /* ErrorParser.swift */ = {isa = PBXFileReference; fileEncoding = 4; lastKnownFileType = sourcecode.swift; path = ErrorParser.swift; sourceTree = "<group>"; };
		30B2FD0420F8997500886DC8 /* RequestRouter.swift */ = {isa = PBXFileReference; fileEncoding = 4; lastKnownFileType = sourcecode.swift; path = RequestRouter.swift; sourceTree = "<group>"; };
		30B2FD0520F8997500886DC8 /* ResponseCodable.swift */ = {isa = PBXFileReference; fileEncoding = 4; lastKnownFileType = sourcecode.swift; path = ResponseCodable.swift; sourceTree = "<group>"; };
		30B2FD0B20F89E8800886DC8 /* Products.swift */ = {isa = PBXFileReference; lastKnownFileType = sourcecode.swift; path = Products.swift; sourceTree = "<group>"; };
		30B2FD0D20F89EE400886DC8 /* ProductsRequestFactory.swift */ = {isa = PBXFileReference; lastKnownFileType = sourcecode.swift; path = ProductsRequestFactory.swift; sourceTree = "<group>"; };
		30B2FD0F20F8A13400886DC8 /* Product.swift */ = {isa = PBXFileReference; lastKnownFileType = sourcecode.swift; path = Product.swift; sourceTree = "<group>"; };
		30B2FD1120F8A68D00886DC8 /* Configuration.swift */ = {isa = PBXFileReference; lastKnownFileType = sourcecode.swift; path = Configuration.swift; sourceTree = "<group>"; };
		30B2FD1320F9E80100886DC8 /* AuthRequestFactoryTest.swift */ = {isa = PBXFileReference; lastKnownFileType = sourcecode.swift; path = AuthRequestFactoryTest.swift; sourceTree = "<group>"; };
		30B2FD1620FA1B0700886DC8 /* ErrorParserStub.swift */ = {isa = PBXFileReference; lastKnownFileType = sourcecode.swift; path = ErrorParserStub.swift; sourceTree = "<group>"; };
		30B2FD1820FA256F00886DC8 /* RequestFactory.swift */ = {isa = PBXFileReference; lastKnownFileType = sourcecode.swift; path = RequestFactory.swift; sourceTree = "<group>"; };
		30B2FD1A20FB7BE000886DC8 /* OHHTTPStubsResponse+JSON.swift */ = {isa = PBXFileReference; lastKnownFileType = sourcecode.swift; path = "OHHTTPStubsResponse+JSON.swift"; sourceTree = "<group>"; };
		30B2FD1F20FB7DAC00886DC8 /* getBasket.json */ = {isa = PBXFileReference; fileEncoding = 4; lastKnownFileType = text.json; path = getBasket.json; sourceTree = "<group>"; };
		30B2FD2020FB7DAD00886DC8 /* approveReview.json */ = {isa = PBXFileReference; fileEncoding = 4; lastKnownFileType = text.json; path = approveReview.json; sourceTree = "<group>"; };
		30B2FD2120FB7DAD00886DC8 /* getGoodById.json */ = {isa = PBXFileReference; fileEncoding = 4; lastKnownFileType = text.json; path = getGoodById.json; sourceTree = "<group>"; };
		30B2FD2220FB7DAD00886DC8 /* addToBasket.json */ = {isa = PBXFileReference; fileEncoding = 4; lastKnownFileType = text.json; path = addToBasket.json; sourceTree = "<group>"; };
		30B2FD2320FB7DAE00886DC8 /* registerUser.json */ = {isa = PBXFileReference; fileEncoding = 4; lastKnownFileType = text.json; path = registerUser.json; sourceTree = "<group>"; };
		30B2FD2420FB7DAE00886DC8 /* addReview.json */ = {isa = PBXFileReference; fileEncoding = 4; lastKnownFileType = text.json; path = addReview.json; sourceTree = "<group>"; };
		30B2FD2520FB7DAF00886DC8 /* removeReview.json */ = {isa = PBXFileReference; fileEncoding = 4; lastKnownFileType = text.json; path = removeReview.json; sourceTree = "<group>"; };
		30B2FD2620FB7DAF00886DC8 /* catalogData.json */ = {isa = PBXFileReference; fileEncoding = 4; lastKnownFileType = text.json; path = catalogData.json; sourceTree = "<group>"; };
		30B2FD2820FB7DB000886DC8 /* changeUserData.json */ = {isa = PBXFileReference; fileEncoding = 4; lastKnownFileType = text.json; path = changeUserData.json; sourceTree = "<group>"; };
		30B2FD2920FB7DB000886DC8 /* logout.json */ = {isa = PBXFileReference; fileEncoding = 4; lastKnownFileType = text.json; path = logout.json; sourceTree = "<group>"; };
		30B2FD2A20FB7DB100886DC8 /* deleteFromBasket.json */ = {isa = PBXFileReference; fileEncoding = 4; lastKnownFileType = text.json; path = deleteFromBasket.json; sourceTree = "<group>"; };
		30B2FD3920FB856C00886DC8 /* login.json */ = {isa = PBXFileReference; fileEncoding = 4; lastKnownFileType = text.json; path = login.json; sourceTree = "<group>"; };
		30B2FD3C20FB871700886DC8 /* Constants.swift */ = {isa = PBXFileReference; lastKnownFileType = sourcecode.swift; path = Constants.swift; sourceTree = "<group>"; };
		6F39D796C62BF47F93DA1D58 /* Pods_Ibolyaev.framework */ = {isa = PBXFileReference; explicitFileType = wrapper.framework; includeInIndex = 0; path = Pods_Ibolyaev.framework; sourceTree = BUILT_PRODUCTS_DIR; };
		8B9A216D6E3E3B3C8FF3333E /* Pods-IbolyaevUITests.release.xcconfig */ = {isa = PBXFileReference; includeInIndex = 1; lastKnownFileType = text.xcconfig; name = "Pods-IbolyaevUITests.release.xcconfig"; path = "Pods/Target Support Files/Pods-IbolyaevUITests/Pods-IbolyaevUITests.release.xcconfig"; sourceTree = "<group>"; };
		A0969F44DEBE7CA03D452C15 /* Pods-IbolyaevUITests.debug.xcconfig */ = {isa = PBXFileReference; includeInIndex = 1; lastKnownFileType = text.xcconfig; name = "Pods-IbolyaevUITests.debug.xcconfig"; path = "Pods/Target Support Files/Pods-IbolyaevUITests/Pods-IbolyaevUITests.debug.xcconfig"; sourceTree = "<group>"; };
		BD4C635A2117660600284203 /* Product.storyboard */ = {isa = PBXFileReference; lastKnownFileType = file.storyboard; path = Product.storyboard; sourceTree = "<group>"; };
		BD4C635C21176A5300284203 /* Colors.swift */ = {isa = PBXFileReference; lastKnownFileType = sourcecode.swift; path = Colors.swift; sourceTree = "<group>"; };
		C86FB597C55D9FBF0496E1E0 /* Pods-IbolyaevTests.release.xcconfig */ = {isa = PBXFileReference; includeInIndex = 1; lastKnownFileType = text.xcconfig; name = "Pods-IbolyaevTests.release.xcconfig"; path = "Pods/Target Support Files/Pods-IbolyaevTests/Pods-IbolyaevTests.release.xcconfig"; sourceTree = "<group>"; };
/* End PBXFileReference section */

/* Begin PBXFrameworksBuildPhase section */
		30B2FC9720EF621400886DC8 /* Frameworks */ = {
			isa = PBXFrameworksBuildPhase;
			buildActionMask = 2147483647;
			files = (
				BAE0C8AEB6BF00296D25E4F4 /* Pods_Ibolyaev.framework in Frameworks */,
			);
			runOnlyForDeploymentPostprocessing = 0;
		};
		30B2FCAB20EF621400886DC8 /* Frameworks */ = {
			isa = PBXFrameworksBuildPhase;
			buildActionMask = 2147483647;
			files = (
				AA3195C01AF7F6BBDD03069E /* Pods_IbolyaevTests.framework in Frameworks */,
			);
			runOnlyForDeploymentPostprocessing = 0;
		};
		30B2FCB620EF621400886DC8 /* Frameworks */ = {
			isa = PBXFrameworksBuildPhase;
			buildActionMask = 2147483647;
			files = (
				33FBC8A4A9B889315BEC73B3 /* Pods_IbolyaevUITests.framework in Frameworks */,
			);
			runOnlyForDeploymentPostprocessing = 0;
		};
/* End PBXFrameworksBuildPhase section */

/* Begin PBXGroup section */
		3036EA6920FB8E1800B40B9A /* Helpers */ = {
			isa = PBXGroup;
			children = (
				30B2FD1A20FB7BE000886DC8 /* OHHTTPStubsResponse+JSON.swift */,
			);
			path = Helpers;
			sourceTree = "<group>";
		};
		3036EA6A20FB8E3E00B40B9A /* Environments */ = {
			isa = PBXGroup;
			children = (
			);
			path = Environments;
			sourceTree = "<group>";
		};
		304771F62119AC8E0023B65C /* UIVerticalStepper */ = {
			isa = PBXGroup;
			children = (
				304771F22119AC7A0023B65C /* UIVerticalStepper.swift */,
				304771F32119AC7B0023B65C /* UIVerticalStepper.xib */,
			);
			path = UIVerticalStepper;
			sourceTree = "<group>";
		};
		30830DB5210CA2E70003B66C /* ViewControllers */ = {
			isa = PBXGroup;
			children = (
				30830DBA210DFC920003B66C /* SignUpViewController.swift */,
				30830DAF210C9AE30003B66C /* LoginViewController.swift */,
				30830DB1210C9C450003B66C /* UserViewController.swift */,
				30830DC52114D0C50003B66C /* ProductsViewController.swift */,
				30830DC72114D0D80003B66C /* ProductViewController.swift */,
				30830DD121172CE30003B66C /* CartViewController.swift */,
				30830DD321172D060003B66C /* CheckOutViewController.swift */,
			);
			path = ViewControllers;
			sourceTree = "<group>";
		};
		30830DBE210F53A70003B66C /* Views */ = {
			isa = PBXGroup;
			children = (
				304771F62119AC8E0023B65C /* UIVerticalStepper */,
				30830DBF210F53BE0003B66C /* LoadingButton.swift */,
				30830DCB2114D0F80003B66C /* ProductCell */,
				30830DD02114D1230003B66C /* ReviewCell */,
				30830DD921172E2E0003B66C /* CartCell */,
			);
			path = Views;
			sourceTree = "<group>";
		};
		30830DCB2114D0F80003B66C /* ProductCell */ = {
			isa = PBXGroup;
			children = (
				30830DC12114D09D0003B66C /* ProductCell.swift */,
				30830DC22114D09D0003B66C /* ProductCell.xib */,
			);
			path = ProductCell;
			sourceTree = "<group>";
		};
		30830DD02114D1230003B66C /* ReviewCell */ = {
			isa = PBXGroup;
			children = (
				30830DCC2114D11D0003B66C /* ReviewCell.swift */,
				30830DCD2114D11D0003B66C /* ReviewCell.xib */,
			);
			path = ReviewCell;
			sourceTree = "<group>";
		};
		30830DD921172E2E0003B66C /* CartCell */ = {
			isa = PBXGroup;
			children = (
				30830DD521172E1D0003B66C /* CartCell.swift */,
				30830DD621172E1D0003B66C /* CartCell.xib */,
			);
			path = CartCell;
			sourceTree = "<group>";
		};
		30B2FC9120EF621400886DC8 = {
			isa = PBXGroup;
			children = (
				30B2FC9C20EF621400886DC8 /* Ibolyaev */,
				30B2FCB120EF621400886DC8 /* IbolyaevTests */,
				30B2FCBC20EF621400886DC8 /* IbolyaevUITests */,
				30B2FC9B20EF621400886DC8 /* Products */,
				33C52B11DC4843D7A32D851C /* Pods */,
				5930FC4C9B3F2310BB261CFB /* Frameworks */,
			);
			sourceTree = "<group>";
		};
		30B2FC9B20EF621400886DC8 /* Products */ = {
			isa = PBXGroup;
			children = (
				30B2FC9A20EF621400886DC8 /* Ibolyaev.app */,
				30B2FCAE20EF621400886DC8 /* IbolyaevTests.xctest */,
				30B2FCB920EF621400886DC8 /* IbolyaevUITests.xctest */,
			);
			name = Products;
			sourceTree = "<group>";
		};
		30B2FC9C20EF621400886DC8 /* Ibolyaev */ = {
			isa = PBXGroup;
			children = (
				30B2FCCB20F0989800886DC8 /* App */,
				30B2FCCF20F098E200886DC8 /* Flows */,
				30B2FCD020F098F100886DC8 /* Core */,
				30B2FCD120F098FD00886DC8 /* Resources */,
				30B2FCD220F0990A00886DC8 /* Environments */,
			);
			path = Ibolyaev;
			sourceTree = "<group>";
		};
		30B2FCB120EF621400886DC8 /* IbolyaevTests */ = {
			isa = PBXGroup;
			children = (
				3036EA6A20FB8E3E00B40B9A /* Environments */,
				3036EA6920FB8E1800B40B9A /* Helpers */,
				30B2FD1C20FB7C7500886DC8 /* Resources */,
				30B2FCF120F8994200886DC8 /* RequestFactoryMock.swift */,
				30B2FD1620FA1B0700886DC8 /* ErrorParserStub.swift */,
				30B2FD1320F9E80100886DC8 /* AuthRequestFactoryTest.swift */,
				3036EA6B20FB8E9800B40B9A /* UserDataRequestFactoryTest.swift */,
				3063835A20FC7F8C00B9E312 /* ProductsRequestFactoryTest.swift */,
				30AC192C2103289A00F95960 /* ReviewRequestFactoryTest.swift */,
				30830DAD210C96BF0003B66C /* CartRequestFactoryTests.swift */,
				30830DBC210F1D380003B66C /* UserTest.swift */,
				30B2FCB420EF621400886DC8 /* Info.plist */,
			);
			path = IbolyaevTests;
			sourceTree = "<group>";
		};
		30B2FCBC20EF621400886DC8 /* IbolyaevUITests */ = {
			isa = PBXGroup;
			children = (
				30B2FCBD20EF621400886DC8 /* IbolyaevUITests.swift */,
				30B2FCBF20EF621400886DC8 /* Info.plist */,
			);
			path = IbolyaevUITests;
			sourceTree = "<group>";
		};
		30B2FCCB20F0989800886DC8 /* App */ = {
			isa = PBXGroup;
			children = (
				30B2FC9D20EF621400886DC8 /* AppDelegate.swift */,
				30B2FCCE20F098D400886DC8 /* Assembly */,
				30B2FCCD20F098BD00886DC8 /* Entity */,
				30B2FCCC20F098AD00886DC8 /* BussinessLogic */,
			);
			path = App;
			sourceTree = "<group>";
		};
		30B2FCCC20F098AD00886DC8 /* BussinessLogic */ = {
			isa = PBXGroup;
			children = (
				30B2FCF720F8995D00886DC8 /* Network */,
			);
			path = BussinessLogic;
			sourceTree = "<group>";
		};
		30B2FCCD20F098BD00886DC8 /* Entity */ = {
			isa = PBXGroup;
			children = (
				30B2FD3C20FB871700886DC8 /* Constants.swift */,
				30B2FCF420F8995200886DC8 /* NetworkResponse.swift */,
				30B2FCF320F8995200886DC8 /* User.swift */,
				30B2FD0F20F8A13400886DC8 /* Product.swift */,
				30830DDA211733590003B66C /* CartItem.swift */,
				BD4C635C21176A5300284203 /* Colors.swift */,
			);
			path = Entity;
			sourceTree = "<group>";
		};
		30B2FCCE20F098D400886DC8 /* Assembly */ = {
			isa = PBXGroup;
			children = (
				30B2FD1820FA256F00886DC8 /* RequestFactory.swift */,
				30830DDC211736160003B66C /* AppState.swift */,
			);
			path = Assembly;
			sourceTree = "<group>";
		};
		30B2FCCF20F098E200886DC8 /* Flows */ = {
			isa = PBXGroup;
			children = (
				30830DBE210F53A70003B66C /* Views */,
				30830DB5210CA2E70003B66C /* ViewControllers */,
				30830DB3210C9CC00003B66C /* Main.storyboard */,
				30830DDE21173E180003B66C /* Cart.storyboard */,
				BD4C635A2117660600284203 /* Product.storyboard */,
			);
			path = Flows;
			sourceTree = "<group>";
		};
		30B2FCD020F098F100886DC8 /* Core */ = {
			isa = PBXGroup;
			children = (
				30B2FD0020F8997500886DC8 /* AbstractErrorParser.swift */,
				30B2FD0120F8997500886DC8 /* Network */,
			);
			path = Core;
			sourceTree = "<group>";
		};
		30B2FCD120F098FD00886DC8 /* Resources */ = {
			isa = PBXGroup;
			children = (
				30B2FCA420EF621400886DC8 /* Assets.xcassets */,
				30B2FCA620EF621400886DC8 /* LaunchScreen.storyboard */,
			);
			path = Resources;
			sourceTree = "<group>";
		};
		30B2FCD220F0990A00886DC8 /* Environments */ = {
			isa = PBXGroup;
			children = (
				30B2FCA920EF621400886DC8 /* Info.plist */,
			);
			path = Environments;
			sourceTree = "<group>";
		};
		30B2FCF720F8995D00886DC8 /* Network */ = {
			isa = PBXGroup;
			children = (
				30830DB6210DF01B0003B66C /* BasicFactory.swift */,
				30B2FD1120F8A68D00886DC8 /* Configuration.swift */,
				30B2FCF820F8995D00886DC8 /* Auth.swift */,
				30B2FCF920F8995D00886DC8 /* AuthRequestFactory.swift */,
				30B2FCFA20F8995D00886DC8 /* UserData.swift */,
				30B2FCFB20F8995D00886DC8 /* UserDataRequestFactory.swift */,
				30B2FD0B20F89E8800886DC8 /* Products.swift */,
				30B2FD0D20F89EE400886DC8 /* ProductsRequestFactory.swift */,
				30AC19282103237B00F95960 /* Review.swift */,
				30AC192A2103239400F95960 /* ReviewRequestFactory.swift */,
				30830DA9210C7FC80003B66C /* Cart.swift */,
				30830DAB210C7FEA0003B66C /* CartRequestFactory.swift */,
			);
			path = Network;
			sourceTree = "<group>";
		};
		30B2FD0120F8997500886DC8 /* Network */ = {
			isa = PBXGroup;
			children = (
				30B2FD0220F8997500886DC8 /* AbstractRequestFactory.swift */,
				30B2FD0320F8997500886DC8 /* ErrorParser.swift */,
				30B2FD0420F8997500886DC8 /* RequestRouter.swift */,
				30B2FD0520F8997500886DC8 /* ResponseCodable.swift */,
			);
			path = Network;
			sourceTree = "<group>";
		};
		30B2FD1C20FB7C7500886DC8 /* Resources */ = {
			isa = PBXGroup;
			children = (
				30B2FD2420FB7DAE00886DC8 /* addReview.json */,
				30B2FD2220FB7DAD00886DC8 /* addToBasket.json */,
				30B2FD2020FB7DAD00886DC8 /* approveReview.json */,
				30B2FD3920FB856C00886DC8 /* login.json */,
				30B2FD2620FB7DAF00886DC8 /* catalogData.json */,
				30B2FD2820FB7DB000886DC8 /* changeUserData.json */,
				30B2FD2A20FB7DB100886DC8 /* deleteFromBasket.json */,
				30B2FD1F20FB7DAC00886DC8 /* getBasket.json */,
				30B2FD2120FB7DAD00886DC8 /* getGoodById.json */,
				30B2FD2920FB7DB000886DC8 /* logout.json */,
				30B2FD2320FB7DAE00886DC8 /* registerUser.json */,
				30B2FD2520FB7DAF00886DC8 /* removeReview.json */,
			);
			path = Resources;
			sourceTree = "<group>";
		};
		33C52B11DC4843D7A32D851C /* Pods */ = {
			isa = PBXGroup;
			children = (
				2BD4DD210388A0F960C772BC /* Pods-Ibolyaev.debug.xcconfig */,
				03622693BF9E10ABA85C6139 /* Pods-Ibolyaev.release.xcconfig */,
				1480EC690EDAADAEEA352BD2 /* Pods-IbolyaevTests.debug.xcconfig */,
				C86FB597C55D9FBF0496E1E0 /* Pods-IbolyaevTests.release.xcconfig */,
				A0969F44DEBE7CA03D452C15 /* Pods-IbolyaevUITests.debug.xcconfig */,
				8B9A216D6E3E3B3C8FF3333E /* Pods-IbolyaevUITests.release.xcconfig */,
			);
			name = Pods;
			sourceTree = "<group>";
		};
		5930FC4C9B3F2310BB261CFB /* Frameworks */ = {
			isa = PBXGroup;
			children = (
				6F39D796C62BF47F93DA1D58 /* Pods_Ibolyaev.framework */,
				014255F7AC60A366F787A8F1 /* Pods_IbolyaevTests.framework */,
				1D5B2C5C011B5A7E0A5E8DD1 /* Pods_IbolyaevUITests.framework */,
			);
			name = Frameworks;
			sourceTree = "<group>";
		};
/* End PBXGroup section */

/* Begin PBXNativeTarget section */
		30B2FC9920EF621400886DC8 /* Ibolyaev */ = {
			isa = PBXNativeTarget;
			buildConfigurationList = 30B2FCC220EF621400886DC8 /* Build configuration list for PBXNativeTarget "Ibolyaev" */;
			buildPhases = (
				B940E077A9E85EA6F652B404 /* [CP] Check Pods Manifest.lock */,
				30B2FC9620EF621400886DC8 /* Sources */,
				30B2FC9720EF621400886DC8 /* Frameworks */,
				30B2FC9820EF621400886DC8 /* Resources */,
				CAB495534E3B9B76C9AD9E9A /* [CP] Embed Pods Frameworks */,
				30AC192F21047F6300F95960 /* ShellScript */,
				7260BEB0F4934B503B4BD7F9 /* [CP] Copy Pods Resources */,
				BD4C635921175A7800284203 /* Run Script Fabric */,
			);
			buildRules = (
			);
			dependencies = (
			);
			name = Ibolyaev;
			productName = Ibolyaev;
			productReference = 30B2FC9A20EF621400886DC8 /* Ibolyaev.app */;
			productType = "com.apple.product-type.application";
		};
		30B2FCAD20EF621400886DC8 /* IbolyaevTests */ = {
			isa = PBXNativeTarget;
			buildConfigurationList = 30B2FCC520EF621400886DC8 /* Build configuration list for PBXNativeTarget "IbolyaevTests" */;
			buildPhases = (
				B1A234CF823B386A4CD2748E /* [CP] Check Pods Manifest.lock */,
				30B2FCAA20EF621400886DC8 /* Sources */,
				30B2FCAB20EF621400886DC8 /* Frameworks */,
				30B2FCAC20EF621400886DC8 /* Resources */,
				13028BAF26DF9ADDCAA624AC /* [CP] Embed Pods Frameworks */,
				2271CDE7B9F66924F8978EB0 /* [CP] Copy Pods Resources */,
			);
			buildRules = (
			);
			dependencies = (
				30B2FCB020EF621400886DC8 /* PBXTargetDependency */,
			);
			name = IbolyaevTests;
			productName = IbolyaevTests;
			productReference = 30B2FCAE20EF621400886DC8 /* IbolyaevTests.xctest */;
			productType = "com.apple.product-type.bundle.unit-test";
		};
		30B2FCB820EF621400886DC8 /* IbolyaevUITests */ = {
			isa = PBXNativeTarget;
			buildConfigurationList = 30B2FCC820EF621400886DC8 /* Build configuration list for PBXNativeTarget "IbolyaevUITests" */;
			buildPhases = (
				AC64906224CB6F969A11ACB6 /* [CP] Check Pods Manifest.lock */,
				30B2FCB520EF621400886DC8 /* Sources */,
				30B2FCB620EF621400886DC8 /* Frameworks */,
				30B2FCB720EF621400886DC8 /* Resources */,
				36FDDC257BC89B68A0B8FED5 /* [CP] Embed Pods Frameworks */,
				4B10C91E54C4D82A1986335B /* [CP] Copy Pods Resources */,
			);
			buildRules = (
			);
			dependencies = (
				30B2FCBB20EF621400886DC8 /* PBXTargetDependency */,
			);
			name = IbolyaevUITests;
			productName = IbolyaevUITests;
			productReference = 30B2FCB920EF621400886DC8 /* IbolyaevUITests.xctest */;
			productType = "com.apple.product-type.bundle.ui-testing";
		};
/* End PBXNativeTarget section */

/* Begin PBXProject section */
		30B2FC9220EF621400886DC8 /* Project object */ = {
			isa = PBXProject;
			attributes = {
				LastSwiftUpdateCheck = 0910;
				LastUpgradeCheck = 0910;
				ORGANIZATIONNAME = Ronin;
				TargetAttributes = {
					30B2FC9920EF621400886DC8 = {
						CreatedOnToolsVersion = 9.1;
						ProvisioningStyle = Automatic;
					};
					30B2FCAD20EF621400886DC8 = {
						CreatedOnToolsVersion = 9.1;
						ProvisioningStyle = Automatic;
						TestTargetID = 30B2FC9920EF621400886DC8;
					};
					30B2FCB820EF621400886DC8 = {
						CreatedOnToolsVersion = 9.1;
						ProvisioningStyle = Automatic;
						TestTargetID = 30B2FC9920EF621400886DC8;
					};
				};
			};
			buildConfigurationList = 30B2FC9520EF621400886DC8 /* Build configuration list for PBXProject "Ibolyaev" */;
			compatibilityVersion = "Xcode 8.0";
			developmentRegion = en;
			hasScannedForEncodings = 0;
			knownRegions = (
				en,
				Base,
			);
			mainGroup = 30B2FC9120EF621400886DC8;
			productRefGroup = 30B2FC9B20EF621400886DC8 /* Products */;
			projectDirPath = "";
			projectRoot = "";
			targets = (
				30B2FC9920EF621400886DC8 /* Ibolyaev */,
				30B2FCAD20EF621400886DC8 /* IbolyaevTests */,
				30B2FCB820EF621400886DC8 /* IbolyaevUITests */,
			);
		};
/* End PBXProject section */

/* Begin PBXResourcesBuildPhase section */
		30B2FC9820EF621400886DC8 /* Resources */ = {
			isa = PBXResourcesBuildPhase;
			buildActionMask = 2147483647;
			files = (
				3036EA5E20FB8DA900B40B9A /* addReview.json in Resources */,
				30830DDF21173E180003B66C /* Cart.storyboard in Resources */,
				30830DCF2114D11D0003B66C /* ReviewCell.xib in Resources */,
				30830DC42114D09D0003B66C /* ProductCell.xib in Resources */,
				30830DD821172E1D0003B66C /* CartCell.xib in Resources */,
				3036EA5F20FB8DA900B40B9A /* addToBasket.json in Resources */,
				3036EA6020FB8DA900B40B9A /* approveReview.json in Resources */,
				3036EA6120FB8DA900B40B9A /* catalogData.json in Resources */,
				3036EA6220FB8DA900B40B9A /* changeUserData.json in Resources */,
				304771F52119AC7B0023B65C /* UIVerticalStepper.xib in Resources */,
				3036EA6320FB8DA900B40B9A /* deleteFromBasket.json in Resources */,
				30830DB4210C9CC00003B66C /* Main.storyboard in Resources */,
				3036EA6420FB8DA900B40B9A /* getBasket.json in Resources */,
				3036EA6520FB8DA900B40B9A /* getGoodById.json in Resources */,
				3036EA6620FB8DA900B40B9A /* logout.json in Resources */,
				3036EA6720FB8DA900B40B9A /* registerUser.json in Resources */,
				BD4C635B2117660600284203 /* Product.storyboard in Resources */,
				3036EA6820FB8DA900B40B9A /* removeReview.json in Resources */,
				30B2FD3B20FB85F600886DC8 /* login.json in Resources */,
				30B2FCA820EF621400886DC8 /* LaunchScreen.storyboard in Resources */,
				30B2FCA520EF621400886DC8 /* Assets.xcassets in Resources */,
			);
			runOnlyForDeploymentPostprocessing = 0;
		};
		30B2FCAC20EF621400886DC8 /* Resources */ = {
			isa = PBXResourcesBuildPhase;
			buildActionMask = 2147483647;
			files = (
				30B2FD2B20FB7DB100886DC8 /* getBasket.json in Resources */,
				30B2FD3120FB7DB200886DC8 /* removeReview.json in Resources */,
				30B2FD2D20FB7DB200886DC8 /* getGoodById.json in Resources */,
				30B2FD3220FB7DB200886DC8 /* catalogData.json in Resources */,
				30B2FD2C20FB7DB200886DC8 /* approveReview.json in Resources */,
				30B2FD3020FB7DB200886DC8 /* addReview.json in Resources */,
				30B2FD3420FB7DB200886DC8 /* changeUserData.json in Resources */,
				30B2FD3520FB7DB200886DC8 /* logout.json in Resources */,
				30B2FD2E20FB7DB200886DC8 /* addToBasket.json in Resources */,
				30B2FD3620FB7DB200886DC8 /* deleteFromBasket.json in Resources */,
				30B2FD2F20FB7DB200886DC8 /* registerUser.json in Resources */,
				30B2FD3A20FB856C00886DC8 /* login.json in Resources */,
			);
			runOnlyForDeploymentPostprocessing = 0;
		};
		30B2FCB720EF621400886DC8 /* Resources */ = {
			isa = PBXResourcesBuildPhase;
			buildActionMask = 2147483647;
			files = (
			);
			runOnlyForDeploymentPostprocessing = 0;
		};
/* End PBXResourcesBuildPhase section */

/* Begin PBXShellScriptBuildPhase section */
		13028BAF26DF9ADDCAA624AC /* [CP] Embed Pods Frameworks */ = {
			isa = PBXShellScriptBuildPhase;
			buildActionMask = 2147483647;
			files = (
			);
			inputPaths = (
				"${SRCROOT}/Pods/Target Support Files/Pods-IbolyaevTests/Pods-IbolyaevTests-frameworks.sh",
				"${BUILT_PRODUCTS_DIR}/OHHTTPStubs/OHHTTPStubs.framework",
			);
			name = "[CP] Embed Pods Frameworks";
			outputPaths = (
				"${TARGET_BUILD_DIR}/${FRAMEWORKS_FOLDER_PATH}/OHHTTPStubs.framework",
			);
			runOnlyForDeploymentPostprocessing = 0;
			shellPath = /bin/sh;
			shellScript = "\"${SRCROOT}/Pods/Target Support Files/Pods-IbolyaevTests/Pods-IbolyaevTests-frameworks.sh\"\n";
			showEnvVarsInLog = 0;
		};
		2271CDE7B9F66924F8978EB0 /* [CP] Copy Pods Resources */ = {
			isa = PBXShellScriptBuildPhase;
			buildActionMask = 2147483647;
			files = (
			);
			inputPaths = (
			);
			name = "[CP] Copy Pods Resources";
			outputPaths = (
			);
			runOnlyForDeploymentPostprocessing = 0;
			shellPath = /bin/sh;
			shellScript = "\"${SRCROOT}/Pods/Target Support Files/Pods-IbolyaevTests/Pods-IbolyaevTests-resources.sh\"\n";
			showEnvVarsInLog = 0;
		};
		30AC192F21047F6300F95960 /* ShellScript */ = {
			isa = PBXShellScriptBuildPhase;
			buildActionMask = 2147483647;
			files = (
			);
			inputPaths = (
			);
			outputPaths = (
			);
			runOnlyForDeploymentPostprocessing = 0;
			shellPath = /bin/sh;
			shellScript = "\"${PODS_ROOT}/SwiftLint/swiftlint\"";
		};
		36FDDC257BC89B68A0B8FED5 /* [CP] Embed Pods Frameworks */ = {
			isa = PBXShellScriptBuildPhase;
			buildActionMask = 2147483647;
			files = (
			);
			inputPaths = (
			);
			name = "[CP] Embed Pods Frameworks";
			outputPaths = (
			);
			runOnlyForDeploymentPostprocessing = 0;
			shellPath = /bin/sh;
			shellScript = "\"${SRCROOT}/Pods/Target Support Files/Pods-IbolyaevUITests/Pods-IbolyaevUITests-frameworks.sh\"\n";
			showEnvVarsInLog = 0;
		};
		4B10C91E54C4D82A1986335B /* [CP] Copy Pods Resources */ = {
			isa = PBXShellScriptBuildPhase;
			buildActionMask = 2147483647;
			files = (
			);
			inputPaths = (
			);
			name = "[CP] Copy Pods Resources";
			outputPaths = (
			);
			runOnlyForDeploymentPostprocessing = 0;
			shellPath = /bin/sh;
			shellScript = "\"${SRCROOT}/Pods/Target Support Files/Pods-IbolyaevUITests/Pods-IbolyaevUITests-resources.sh\"\n";
			showEnvVarsInLog = 0;
		};
		7260BEB0F4934B503B4BD7F9 /* [CP] Copy Pods Resources */ = {
			isa = PBXShellScriptBuildPhase;
			buildActionMask = 2147483647;
			files = (
			);
			inputPaths = (
			);
			name = "[CP] Copy Pods Resources";
			outputPaths = (
			);
			runOnlyForDeploymentPostprocessing = 0;
			shellPath = /bin/sh;
			shellScript = "\"${SRCROOT}/Pods/Target Support Files/Pods-Ibolyaev/Pods-Ibolyaev-resources.sh\"\n";
			showEnvVarsInLog = 0;
		};
		AC64906224CB6F969A11ACB6 /* [CP] Check Pods Manifest.lock */ = {
			isa = PBXShellScriptBuildPhase;
			buildActionMask = 2147483647;
			files = (
			);
			inputPaths = (
				"${PODS_PODFILE_DIR_PATH}/Podfile.lock",
				"${PODS_ROOT}/Manifest.lock",
			);
			name = "[CP] Check Pods Manifest.lock";
			outputPaths = (
				"$(DERIVED_FILE_DIR)/Pods-IbolyaevUITests-checkManifestLockResult.txt",
			);
			runOnlyForDeploymentPostprocessing = 0;
			shellPath = /bin/sh;
			shellScript = "diff \"${PODS_PODFILE_DIR_PATH}/Podfile.lock\" \"${PODS_ROOT}/Manifest.lock\" > /dev/null\nif [ $? != 0 ] ; then\n    # print error to STDERR\n    echo \"error: The sandbox is not in sync with the Podfile.lock. Run 'pod install' or update your CocoaPods installation.\" >&2\n    exit 1\nfi\n# This output is used by Xcode 'outputs' to avoid re-running this script phase.\necho \"SUCCESS\" > \"${SCRIPT_OUTPUT_FILE_0}\"\n";
			showEnvVarsInLog = 0;
		};
		B1A234CF823B386A4CD2748E /* [CP] Check Pods Manifest.lock */ = {
			isa = PBXShellScriptBuildPhase;
			buildActionMask = 2147483647;
			files = (
			);
			inputPaths = (
				"${PODS_PODFILE_DIR_PATH}/Podfile.lock",
				"${PODS_ROOT}/Manifest.lock",
			);
			name = "[CP] Check Pods Manifest.lock";
			outputPaths = (
				"$(DERIVED_FILE_DIR)/Pods-IbolyaevTests-checkManifestLockResult.txt",
			);
			runOnlyForDeploymentPostprocessing = 0;
			shellPath = /bin/sh;
			shellScript = "diff \"${PODS_PODFILE_DIR_PATH}/Podfile.lock\" \"${PODS_ROOT}/Manifest.lock\" > /dev/null\nif [ $? != 0 ] ; then\n    # print error to STDERR\n    echo \"error: The sandbox is not in sync with the Podfile.lock. Run 'pod install' or update your CocoaPods installation.\" >&2\n    exit 1\nfi\n# This output is used by Xcode 'outputs' to avoid re-running this script phase.\necho \"SUCCESS\" > \"${SCRIPT_OUTPUT_FILE_0}\"\n";
			showEnvVarsInLog = 0;
		};
		B940E077A9E85EA6F652B404 /* [CP] Check Pods Manifest.lock */ = {
			isa = PBXShellScriptBuildPhase;
			buildActionMask = 2147483647;
			files = (
			);
			inputPaths = (
				"${PODS_PODFILE_DIR_PATH}/Podfile.lock",
				"${PODS_ROOT}/Manifest.lock",
			);
			name = "[CP] Check Pods Manifest.lock";
			outputPaths = (
				"$(DERIVED_FILE_DIR)/Pods-Ibolyaev-checkManifestLockResult.txt",
			);
			runOnlyForDeploymentPostprocessing = 0;
			shellPath = /bin/sh;
			shellScript = "diff \"${PODS_PODFILE_DIR_PATH}/Podfile.lock\" \"${PODS_ROOT}/Manifest.lock\" > /dev/null\nif [ $? != 0 ] ; then\n    # print error to STDERR\n    echo \"error: The sandbox is not in sync with the Podfile.lock. Run 'pod install' or update your CocoaPods installation.\" >&2\n    exit 1\nfi\n# This output is used by Xcode 'outputs' to avoid re-running this script phase.\necho \"SUCCESS\" > \"${SCRIPT_OUTPUT_FILE_0}\"\n";
			showEnvVarsInLog = 0;
		};
		BD4C635921175A7800284203 /* Run Script Fabric */ = {
			isa = PBXShellScriptBuildPhase;
			buildActionMask = 2147483647;
			files = (
			);
			inputPaths = (
			);
			name = "Run Script Fabric";
			outputPaths = (
			);
			runOnlyForDeploymentPostprocessing = 0;
			shellPath = /bin/sh;
			shellScript = "\"${PODS_ROOT}/Fabric/run\" a437f1425921b4f454a4903ab63495e07325c3ab ab20787e0dbf697598c796f5f8a1f261d2b12da42cf834d39e2c6786662f8e9f";
		};
		CAB495534E3B9B76C9AD9E9A /* [CP] Embed Pods Frameworks */ = {
			isa = PBXShellScriptBuildPhase;
			buildActionMask = 2147483647;
			files = (
			);
			inputPaths = (
				"${SRCROOT}/Pods/Target Support Files/Pods-Ibolyaev/Pods-Ibolyaev-frameworks.sh",
				"${BUILT_PRODUCTS_DIR}/Alamofire/Alamofire.framework",
			);
			name = "[CP] Embed Pods Frameworks";
			outputPaths = (
				"${TARGET_BUILD_DIR}/${FRAMEWORKS_FOLDER_PATH}/Alamofire.framework",
			);
			runOnlyForDeploymentPostprocessing = 0;
			shellPath = /bin/sh;
			shellScript = "\"${SRCROOT}/Pods/Target Support Files/Pods-Ibolyaev/Pods-Ibolyaev-frameworks.sh\"\n";
			showEnvVarsInLog = 0;
		};
/* End PBXShellScriptBuildPhase section */

/* Begin PBXSourcesBuildPhase section */
		30B2FC9620EF621400886DC8 /* Sources */ = {
			isa = PBXSourcesBuildPhase;
			buildActionMask = 2147483647;
			files = (
				30830DD421172D060003B66C /* CheckOutViewController.swift in Sources */,
				30830DC0210F53BE0003B66C /* LoadingButton.swift in Sources */,
				30B2FD0C20F89E8800886DC8 /* Products.swift in Sources */,
				30830DDD211736160003B66C /* AppState.swift in Sources */,
				30830DB2210C9C450003B66C /* UserViewController.swift in Sources */,
				30B2FD0E20F89EE400886DC8 /* ProductsRequestFactory.swift in Sources */,
				30830DAC210C7FEA0003B66C /* CartRequestFactory.swift in Sources */,
				30830DC32114D09D0003B66C /* ProductCell.swift in Sources */,
				30830DB0210C9AE30003B66C /* LoginViewController.swift in Sources */,
				30B2FD1920FA256F00886DC8 /* RequestFactory.swift in Sources */,
				30B2FD0720F8997500886DC8 /* AbstractRequestFactory.swift in Sources */,
				30830DC62114D0C50003B66C /* ProductsViewController.swift in Sources */,
				30830DD721172E1D0003B66C /* CartCell.swift in Sources */,
				30B2FD0620F8997500886DC8 /* AbstractErrorParser.swift in Sources */,
				30830DDB211733590003B66C /* CartItem.swift in Sources */,
				30B2FD0A20F8997500886DC8 /* ResponseCodable.swift in Sources */,
				30B2FCFC20F8995D00886DC8 /* Auth.swift in Sources */,
				30B2FCFF20F8995D00886DC8 /* UserDataRequestFactory.swift in Sources */,
				30830DB7210DF01B0003B66C /* BasicFactory.swift in Sources */,
				30B2FCFE20F8995D00886DC8 /* UserData.swift in Sources */,
				30B2FD1020F8A13400886DC8 /* Product.swift in Sources */,
				30830DAA210C7FC80003B66C /* Cart.swift in Sources */,
				30830DC82114D0D80003B66C /* ProductViewController.swift in Sources */,
				30B2FD0820F8997500886DC8 /* ErrorParser.swift in Sources */,
				30B2FCFD20F8995D00886DC8 /* AuthRequestFactory.swift in Sources */,
				30B2FD0920F8997500886DC8 /* RequestRouter.swift in Sources */,
				304771F42119AC7B0023B65C /* UIVerticalStepper.swift in Sources */,
				30B2FCF620F8995200886DC8 /* NetworkResponse.swift in Sources */,
				30AC19292103237B00F95960 /* Review.swift in Sources */,
				30B2FC9E20EF621400886DC8 /* AppDelegate.swift in Sources */,
				30AC192B2103239400F95960 /* ReviewRequestFactory.swift in Sources */,
				BD4C635D21176A5300284203 /* Colors.swift in Sources */,
				30B2FD1220F8A68D00886DC8 /* Configuration.swift in Sources */,
				30B2FCF520F8995200886DC8 /* User.swift in Sources */,
				30830DD221172CE30003B66C /* CartViewController.swift in Sources */,
				30830DCE2114D11D0003B66C /* ReviewCell.swift in Sources */,
				30830DBB210DFC920003B66C /* SignUpViewController.swift in Sources */,
				30B2FD3D20FB871700886DC8 /* Constants.swift in Sources */,
			);
			runOnlyForDeploymentPostprocessing = 0;
		};
		30B2FCAA20EF621400886DC8 /* Sources */ = {
			isa = PBXSourcesBuildPhase;
			buildActionMask = 2147483647;
			files = (
				30AC192D2103289A00F95960 /* ReviewRequestFactoryTest.swift in Sources */,
				30B2FD1B20FB7BE000886DC8 /* OHHTTPStubsResponse+JSON.swift in Sources */,
				30B2FD1520FA1A5500886DC8 /* RequestFactoryMock.swift in Sources */,
				30B2FD1720FA1B0700886DC8 /* ErrorParserStub.swift in Sources */,
				3036EA6C20FB8E9800B40B9A /* UserDataRequestFactoryTest.swift in Sources */,
				3063835B20FC7F8C00B9E312 /* ProductsRequestFactoryTest.swift in Sources */,
				30830DAE210C96BF0003B66C /* CartRequestFactoryTests.swift in Sources */,
				30830DBD210F1D380003B66C /* UserTest.swift in Sources */,
				30B2FD1420F9E80100886DC8 /* AuthRequestFactoryTest.swift in Sources */,
			);
			runOnlyForDeploymentPostprocessing = 0;
		};
		30B2FCB520EF621400886DC8 /* Sources */ = {
			isa = PBXSourcesBuildPhase;
			buildActionMask = 2147483647;
			files = (
				30B2FCBE20EF621400886DC8 /* IbolyaevUITests.swift in Sources */,
			);
			runOnlyForDeploymentPostprocessing = 0;
		};
/* End PBXSourcesBuildPhase section */

/* Begin PBXTargetDependency section */
		30B2FCB020EF621400886DC8 /* PBXTargetDependency */ = {
			isa = PBXTargetDependency;
			target = 30B2FC9920EF621400886DC8 /* Ibolyaev */;
			targetProxy = 30B2FCAF20EF621400886DC8 /* PBXContainerItemProxy */;
		};
		30B2FCBB20EF621400886DC8 /* PBXTargetDependency */ = {
			isa = PBXTargetDependency;
			target = 30B2FC9920EF621400886DC8 /* Ibolyaev */;
			targetProxy = 30B2FCBA20EF621400886DC8 /* PBXContainerItemProxy */;
		};
/* End PBXTargetDependency section */

/* Begin PBXVariantGroup section */
		30B2FCA620EF621400886DC8 /* LaunchScreen.storyboard */ = {
			isa = PBXVariantGroup;
			children = (
				30B2FCA720EF621400886DC8 /* Base */,
			);
			name = LaunchScreen.storyboard;
			sourceTree = "<group>";
		};
/* End PBXVariantGroup section */

/* Begin XCBuildConfiguration section */
		30B2FCC020EF621400886DC8 /* Debug */ = {
			isa = XCBuildConfiguration;
			buildSettings = {
				ALWAYS_SEARCH_USER_PATHS = NO;
				CLANG_ANALYZER_NONNULL = YES;
				CLANG_ANALYZER_NUMBER_OBJECT_CONVERSION = YES_AGGRESSIVE;
				CLANG_CXX_LANGUAGE_STANDARD = "gnu++14";
				CLANG_CXX_LIBRARY = "libc++";
				CLANG_ENABLE_MODULES = YES;
				CLANG_ENABLE_OBJC_ARC = YES;
				CLANG_WARN_BLOCK_CAPTURE_AUTORELEASING = YES;
				CLANG_WARN_BOOL_CONVERSION = YES;
				CLANG_WARN_COMMA = YES;
				CLANG_WARN_CONSTANT_CONVERSION = YES;
				CLANG_WARN_DIRECT_OBJC_ISA_USAGE = YES_ERROR;
				CLANG_WARN_DOCUMENTATION_COMMENTS = YES;
				CLANG_WARN_EMPTY_BODY = YES;
				CLANG_WARN_ENUM_CONVERSION = YES;
				CLANG_WARN_INFINITE_RECURSION = YES;
				CLANG_WARN_INT_CONVERSION = YES;
				CLANG_WARN_NON_LITERAL_NULL_CONVERSION = YES;
				CLANG_WARN_OBJC_LITERAL_CONVERSION = YES;
				CLANG_WARN_OBJC_ROOT_CLASS = YES_ERROR;
				CLANG_WARN_RANGE_LOOP_ANALYSIS = YES;
				CLANG_WARN_STRICT_PROTOTYPES = YES;
				CLANG_WARN_SUSPICIOUS_MOVE = YES;
				CLANG_WARN_UNGUARDED_AVAILABILITY = YES_AGGRESSIVE;
				CLANG_WARN_UNREACHABLE_CODE = YES;
				CLANG_WARN__DUPLICATE_METHOD_MATCH = YES;
				CODE_SIGN_IDENTITY = "iPhone Developer";
				COPY_PHASE_STRIP = NO;
				DEBUG_INFORMATION_FORMAT = dwarf;
				ENABLE_STRICT_OBJC_MSGSEND = YES;
				ENABLE_TESTABILITY = YES;
				GCC_C_LANGUAGE_STANDARD = gnu11;
				GCC_DYNAMIC_NO_PIC = NO;
				GCC_NO_COMMON_BLOCKS = YES;
				GCC_OPTIMIZATION_LEVEL = 0;
				GCC_PREPROCESSOR_DEFINITIONS = (
					"DEBUG=1",
					"$(inherited)",
				);
				GCC_WARN_64_TO_32_BIT_CONVERSION = YES;
				GCC_WARN_ABOUT_RETURN_TYPE = YES_ERROR;
				GCC_WARN_UNDECLARED_SELECTOR = YES;
				GCC_WARN_UNINITIALIZED_AUTOS = YES_AGGRESSIVE;
				GCC_WARN_UNUSED_FUNCTION = YES;
				GCC_WARN_UNUSED_VARIABLE = YES;
				IPHONEOS_DEPLOYMENT_TARGET = 11.1;
				MTL_ENABLE_DEBUG_INFO = YES;
				ONLY_ACTIVE_ARCH = YES;
				SDKROOT = iphoneos;
				SWIFT_ACTIVE_COMPILATION_CONDITIONS = DEBUG;
				SWIFT_OPTIMIZATION_LEVEL = "-Onone";
			};
			name = Debug;
		};
		30B2FCC120EF621400886DC8 /* Release */ = {
			isa = XCBuildConfiguration;
			buildSettings = {
				ALWAYS_SEARCH_USER_PATHS = NO;
				CLANG_ANALYZER_NONNULL = YES;
				CLANG_ANALYZER_NUMBER_OBJECT_CONVERSION = YES_AGGRESSIVE;
				CLANG_CXX_LANGUAGE_STANDARD = "gnu++14";
				CLANG_CXX_LIBRARY = "libc++";
				CLANG_ENABLE_MODULES = YES;
				CLANG_ENABLE_OBJC_ARC = YES;
				CLANG_WARN_BLOCK_CAPTURE_AUTORELEASING = YES;
				CLANG_WARN_BOOL_CONVERSION = YES;
				CLANG_WARN_COMMA = YES;
				CLANG_WARN_CONSTANT_CONVERSION = YES;
				CLANG_WARN_DIRECT_OBJC_ISA_USAGE = YES_ERROR;
				CLANG_WARN_DOCUMENTATION_COMMENTS = YES;
				CLANG_WARN_EMPTY_BODY = YES;
				CLANG_WARN_ENUM_CONVERSION = YES;
				CLANG_WARN_INFINITE_RECURSION = YES;
				CLANG_WARN_INT_CONVERSION = YES;
				CLANG_WARN_NON_LITERAL_NULL_CONVERSION = YES;
				CLANG_WARN_OBJC_LITERAL_CONVERSION = YES;
				CLANG_WARN_OBJC_ROOT_CLASS = YES_ERROR;
				CLANG_WARN_RANGE_LOOP_ANALYSIS = YES;
				CLANG_WARN_STRICT_PROTOTYPES = YES;
				CLANG_WARN_SUSPICIOUS_MOVE = YES;
				CLANG_WARN_UNGUARDED_AVAILABILITY = YES_AGGRESSIVE;
				CLANG_WARN_UNREACHABLE_CODE = YES;
				CLANG_WARN__DUPLICATE_METHOD_MATCH = YES;
				CODE_SIGN_IDENTITY = "iPhone Developer";
				COPY_PHASE_STRIP = NO;
				DEBUG_INFORMATION_FORMAT = "dwarf-with-dsym";
				ENABLE_NS_ASSERTIONS = NO;
				ENABLE_STRICT_OBJC_MSGSEND = YES;
				GCC_C_LANGUAGE_STANDARD = gnu11;
				GCC_NO_COMMON_BLOCKS = YES;
				GCC_WARN_64_TO_32_BIT_CONVERSION = YES;
				GCC_WARN_ABOUT_RETURN_TYPE = YES_ERROR;
				GCC_WARN_UNDECLARED_SELECTOR = YES;
				GCC_WARN_UNINITIALIZED_AUTOS = YES_AGGRESSIVE;
				GCC_WARN_UNUSED_FUNCTION = YES;
				GCC_WARN_UNUSED_VARIABLE = YES;
				IPHONEOS_DEPLOYMENT_TARGET = 11.1;
				MTL_ENABLE_DEBUG_INFO = NO;
				SDKROOT = iphoneos;
				SWIFT_OPTIMIZATION_LEVEL = "-Owholemodule";
				VALIDATE_PRODUCT = YES;
			};
			name = Release;
		};
		30B2FCC320EF621400886DC8 /* Debug */ = {
			isa = XCBuildConfiguration;
			baseConfigurationReference = 2BD4DD210388A0F960C772BC /* Pods-Ibolyaev.debug.xcconfig */;
			buildSettings = {
				ASSETCATALOG_COMPILER_APPICON_NAME = AppIcon;
				CODE_SIGN_STYLE = Automatic;
				INFOPLIST_FILE = "$(SRCROOT)/Ibolyaev/Environments/Info.plist";
				LD_RUNPATH_SEARCH_PATHS = "$(inherited) @executable_path/Frameworks";
				PRODUCT_BUNDLE_IDENTIFIER = ibo.Ibolyaev;
				PRODUCT_NAME = "$(TARGET_NAME)";
				SWIFT_VERSION = 4.0;
				TARGETED_DEVICE_FAMILY = "1,2";
			};
			name = Debug;
		};
		30B2FCC420EF621400886DC8 /* Release */ = {
			isa = XCBuildConfiguration;
			baseConfigurationReference = 03622693BF9E10ABA85C6139 /* Pods-Ibolyaev.release.xcconfig */;
			buildSettings = {
				ASSETCATALOG_COMPILER_APPICON_NAME = AppIcon;
				CODE_SIGN_STYLE = Automatic;
				INFOPLIST_FILE = "$(SRCROOT)/Ibolyaev/Environments/Info.plist";
				LD_RUNPATH_SEARCH_PATHS = "$(inherited) @executable_path/Frameworks";
				PRODUCT_BUNDLE_IDENTIFIER = ibo.Ibolyaev;
				PRODUCT_NAME = "$(TARGET_NAME)";
				SWIFT_VERSION = 4.0;
				TARGETED_DEVICE_FAMILY = "1,2";
			};
			name = Release;
		};
		30B2FCC620EF621400886DC8 /* Debug */ = {
			isa = XCBuildConfiguration;
			baseConfigurationReference = 1480EC690EDAADAEEA352BD2 /* Pods-IbolyaevTests.debug.xcconfig */;
			buildSettings = {
				ALWAYS_EMBED_SWIFT_STANDARD_LIBRARIES = YES;
				BUNDLE_LOADER = "$(TEST_HOST)";
				CODE_SIGN_STYLE = Automatic;
				INFOPLIST_FILE = IbolyaevTests/Info.plist;
				LD_RUNPATH_SEARCH_PATHS = "$(inherited) @executable_path/Frameworks @loader_path/Frameworks";
				PRODUCT_BUNDLE_IDENTIFIER = ibo.IbolyaevTests;
				PRODUCT_NAME = "$(TARGET_NAME)";
				SWIFT_VERSION = 4.0;
				TARGETED_DEVICE_FAMILY = "1,2";
				TEST_HOST = "$(BUILT_PRODUCTS_DIR)/Ibolyaev.app/Ibolyaev";
			};
			name = Debug;
		};
		30B2FCC720EF621400886DC8 /* Release */ = {
			isa = XCBuildConfiguration;
			baseConfigurationReference = C86FB597C55D9FBF0496E1E0 /* Pods-IbolyaevTests.release.xcconfig */;
			buildSettings = {
				ALWAYS_EMBED_SWIFT_STANDARD_LIBRARIES = YES;
				BUNDLE_LOADER = "$(TEST_HOST)";
				CODE_SIGN_STYLE = Automatic;
				INFOPLIST_FILE = IbolyaevTests/Info.plist;
				LD_RUNPATH_SEARCH_PATHS = "$(inherited) @executable_path/Frameworks @loader_path/Frameworks";
				PRODUCT_BUNDLE_IDENTIFIER = ibo.IbolyaevTests;
				PRODUCT_NAME = "$(TARGET_NAME)";
				SWIFT_VERSION = 4.0;
				TARGETED_DEVICE_FAMILY = "1,2";
				TEST_HOST = "$(BUILT_PRODUCTS_DIR)/Ibolyaev.app/Ibolyaev";
			};
			name = Release;
		};
		30B2FCC920EF621400886DC8 /* Debug */ = {
			isa = XCBuildConfiguration;
			baseConfigurationReference = A0969F44DEBE7CA03D452C15 /* Pods-IbolyaevUITests.debug.xcconfig */;
			buildSettings = {
				ALWAYS_EMBED_SWIFT_STANDARD_LIBRARIES = YES;
				CODE_SIGN_STYLE = Automatic;
				INFOPLIST_FILE = IbolyaevUITests/Info.plist;
				LD_RUNPATH_SEARCH_PATHS = "$(inherited) @executable_path/Frameworks @loader_path/Frameworks";
				PRODUCT_BUNDLE_IDENTIFIER = ibo.IbolyaevUITests;
				PRODUCT_NAME = "$(TARGET_NAME)";
				SWIFT_VERSION = 4.0;
				TARGETED_DEVICE_FAMILY = "1,2";
				TEST_TARGET_NAME = Ibolyaev;
			};
			name = Debug;
		};
		30B2FCCA20EF621400886DC8 /* Release */ = {
			isa = XCBuildConfiguration;
			baseConfigurationReference = 8B9A216D6E3E3B3C8FF3333E /* Pods-IbolyaevUITests.release.xcconfig */;
			buildSettings = {
				ALWAYS_EMBED_SWIFT_STANDARD_LIBRARIES = YES;
				CODE_SIGN_STYLE = Automatic;
				INFOPLIST_FILE = IbolyaevUITests/Info.plist;
				LD_RUNPATH_SEARCH_PATHS = "$(inherited) @executable_path/Frameworks @loader_path/Frameworks";
				PRODUCT_BUNDLE_IDENTIFIER = ibo.IbolyaevUITests;
				PRODUCT_NAME = "$(TARGET_NAME)";
				SWIFT_VERSION = 4.0;
				TARGETED_DEVICE_FAMILY = "1,2";
				TEST_TARGET_NAME = Ibolyaev;
			};
			name = Release;
		};
/* End XCBuildConfiguration section */

/* Begin XCConfigurationList section */
		30B2FC9520EF621400886DC8 /* Build configuration list for PBXProject "Ibolyaev" */ = {
			isa = XCConfigurationList;
			buildConfigurations = (
				30B2FCC020EF621400886DC8 /* Debug */,
				30B2FCC120EF621400886DC8 /* Release */,
			);
			defaultConfigurationIsVisible = 0;
			defaultConfigurationName = Release;
		};
		30B2FCC220EF621400886DC8 /* Build configuration list for PBXNativeTarget "Ibolyaev" */ = {
			isa = XCConfigurationList;
			buildConfigurations = (
				30B2FCC320EF621400886DC8 /* Debug */,
				30B2FCC420EF621400886DC8 /* Release */,
			);
			defaultConfigurationIsVisible = 0;
			defaultConfigurationName = Release;
		};
		30B2FCC520EF621400886DC8 /* Build configuration list for PBXNativeTarget "IbolyaevTests" */ = {
			isa = XCConfigurationList;
			buildConfigurations = (
				30B2FCC620EF621400886DC8 /* Debug */,
				30B2FCC720EF621400886DC8 /* Release */,
			);
			defaultConfigurationIsVisible = 0;
			defaultConfigurationName = Release;
		};
		30B2FCC820EF621400886DC8 /* Build configuration list for PBXNativeTarget "IbolyaevUITests" */ = {
			isa = XCConfigurationList;
			buildConfigurations = (
				30B2FCC920EF621400886DC8 /* Debug */,
				30B2FCCA20EF621400886DC8 /* Release */,
			);
			defaultConfigurationIsVisible = 0;
			defaultConfigurationName = Release;
		};
/* End XCConfigurationList section */
	};
	rootObject = 30B2FC9220EF621400886DC8 /* Project object */;
}
